{
  "pins" : [
    {
      "identity" : "factory",
      "kind" : "remoteSourceControl",
      "location" : "https://github.com/hmlongco/Factory",
      "state" : {
        "revision" : "8ca11a7bd1ede031e8e6d7a912bb116e2e43961b",
        "version" : "2.3.1"
      }
    },
    {
      "identity" : "floatingpanel",
      "kind" : "remoteSourceControl",
      "location" : "https://github.com/scenee/FloatingPanel",
      "state" : {
        "revision" : "5b33d3d5ff1f50f4a2d64158ccfe8c07b5a3e649",
        "version" : "2.8.1"
      }
    },
    {
      "identity" : "grdb.swift",
      "kind" : "remoteSourceControl",
      "location" : "https://github.com/denis15yo/GRDB.swift.git",
      "state" : {
        "branch" : "master",
        "revision" : "58d3673030f8a640d7278f45bf2dc21b078ecae8"
      }
    },
    {
      "identity" : "lnextensionexecutor",
      "kind" : "remoteSourceControl",
      "location" : "https://github.com/LeoNatan/LNExtensionExecutor",
      "state" : {
        "revision" : "16b741f659e344f4569c9f9d32ef2298ef0233ff",
        "version" : "1.2.0"
      }
    },
    {
      "identity" : "nicegram-assistant-ios",
      "kind" : "remoteSourceControl",
      "location" : "git@bitbucket.org:mobyrix/nicegram-assistant-ios.git",
      "state" : {
        "branch" : "develop",
        "revision" : "c3c54b6676d0fee0645a8ee323e7538fcb450b54"
      }
    },
    {
      "identity" : "r.swift",
      "kind" : "remoteSourceControl",
      "location" : "https://github.com/denis15yo/R.swift.git",
      "state" : {
        "branch" : "main",
        "revision" : "4a0f8c97f1baa27d165dc801982c55bbf51126e5"
      }
    },
    {
      "identity" : "sdwebimage",
      "kind" : "remoteSourceControl",
      "location" : "https://github.com/SDWebImage/SDWebImage.git",
      "state" : {
        "revision" : "59730af512c06fb569c119d737df4c1c499e001d",
        "version" : "5.18.10"
      }
    },
    {
      "identity" : "snapkit",
      "kind" : "remoteSourceControl",
      "location" : "https://github.com/SnapKit/SnapKit.git",
      "state" : {
        "revision" : "e74fe2a978d1216c3602b129447c7301573cc2d8",
        "version" : "5.7.0"
      }
    },
    {
      "identity" : "subscriptionanalytics-ios",
      "kind" : "remoteSourceControl",
      "location" : "git@bitbucket.org:mobyrix/subscriptionanalytics-ios.git",
      "state" : {
        "revision" : "53bfc6c6f26322ec647b87c338a071714ac69420",
        "version" : "0.4.3"
      }
    },
    {
      "identity" : "swift-argument-parser",
      "kind" : "remoteSourceControl",
      "location" : "https://github.com/apple/swift-argument-parser",
      "state" : {
        "revision" : "c8ed701b513cf5177118a175d85fbbbcd707ab41",
        "version" : "1.3.0"
      }
    },
    {
      "identity" : "swiftystorekit",
      "kind" : "remoteSourceControl",
      "location" : "https://github.com/bizz84/SwiftyStoreKit.git",
      "state" : {
        "revision" : "9ce911639680113dac9b554d6243e406a9758ebe",
        "version" : "0.16.4"
      }
    },
    {
      "identity" : "xcodeedit",
      "kind" : "remoteSourceControl",
      "location" : "https://github.com/tomlokhorst/XcodeEdit",
      "state" : {
        "revision" : "b6b67389a0f1a6fdd9c6457a8ab5b02eaab13c5c",
        "version" : "2.9.2"
      }
    }
  ],
  "version" : 2
}
