{
  "pins" : [
    {
      "identity" : "factory",
      "kind" : "remoteSourceControl",
      "location" : "https://github.com/hmlongco/Factory",
      "state" : {
        "revision" : "bf4e0ab7cfc45a921856d9ca196d834b7abf15a0",
        "version" : "2.1.5"
      }
    },
    {
      "identity" : "floatingpanel",
      "kind" : "remoteSourceControl",
      "location" : "https://github.com/scenee/FloatingPanel",
      "state" : {
        "revision" : "2a29cb5b3ecf4beb67cf524a030dd74a11b956c4",
        "version" : "2.6.1"
      }
    },
    {
      "identity" : "grdb.swift",
      "kind" : "remoteSourceControl",
      "location" : "https://github.com/denis15yo/GRDB.swift.git",
      "state" : {
        "branch" : "master",
        "revision" : "58d3673030f8a640d7278f45bf2dc21b078ecae8"
      }
    },
    {
      "identity" : "lnextensionexecutor",
      "kind" : "remoteSourceControl",
      "location" : "https://github.com/LeoNatan/LNExtensionExecutor",
      "state" : {
        "revision" : "16b741f659e344f4569c9f9d32ef2298ef0233ff",
        "version" : "1.2.0"
      }
    },
    {
      "identity" : "nicegram-assistant-ios",
      "kind" : "remoteSourceControl",
      "location" : "git@bitbucket.org:mobyrix/nicegram-assistant-ios.git",
      "state" : {
        "branch" : "develop",
        "revision" : "4387374d1e966763ae5add0d439e59ac0113e717"
      }
    },
    {
      "identity" : "sdwebimage",
      "kind" : "remoteSourceControl",
      "location" : "https://github.com/SDWebImage/SDWebImage.git",
      "state" : {
        "revision" : "7f9fb5d43ecd4aa714c00746f54873f354403438",
        "version" : "5.15.8"
      }
    },
    {
      "identity" : "snapkit",
      "kind" : "remoteSourceControl",
      "location" : "https://github.com/SnapKit/SnapKit.git",
      "state" : {
        "revision" : "f222cbdf325885926566172f6f5f06af95473158",
        "version" : "5.6.0"
      }
    },
    {
      "identity" : "swiftystorekit",
      "kind" : "remoteSourceControl",
      "location" : "https://github.com/bizz84/SwiftyStoreKit.git",
      "state" : {
        "revision" : "9ce911639680113dac9b554d6243e406a9758ebe",
        "version" : "0.16.4"
      }
    }
  ],
  "version" : 2
}
