// !$*UTF8*$!
{
	archiveVersion = 1;
	classes = {
	};
	objectVersion = 46;
	objects = {

/* Begin PBXBuildFile section */
		51B8BB41240033060053B321 /* GlobalNGSettings.swift in Sources */ = {isa = PBXBuildFile; fileRef = 51B8BB40240033060053B321 /* GlobalNGSettings.swift */; };
		E7A30F041A957FFF00000000 /* SecureSettings.swift in Sources */ = {isa = PBXBuildFile; fileRef = 1DD70E291A957FFF00000000 /* SecureSettings.swift */; };
		E7A30F0436591A2B00000000 /* IAPHelper.swift in Sources */ = {isa = PBXBuildFile; fileRef = 1DD70E2936591A2B00000000 /* IAPHelper.swift */; };
		E7A30F044FA0E2C400000000 /* DAKeychain.swift in Sources */ = {isa = PBXBuildFile; fileRef = 1DD70E294FA0E2C400000000 /* DAKeychain.swift */; };
		E7A30F04718C2D2900000000 /* Products.swift in Sources */ = {isa = PBXBuildFile; fileRef = 1DD70E29718C2D2900000000 /* Products.swift */; };
		E7A30F049F221D5300000000 /* NicegramSecureSettings.swift in Sources */ = {isa = PBXBuildFile; fileRef = 1DD70E299F221D5300000000 /* NicegramSecureSettings.swift */; };
		E7A30F04AE6B3B6700000000 /* RegDate.swift in Sources */ = {isa = PBXBuildFile; fileRef = 1DD70E29AE6B3B6700000000 /* RegDate.swift */; };
		E7A30F04B3C0AA2C00000000 /* GTranslate.swift in Sources */ = {isa = PBXBuildFile; fileRef = 1DD70E29B3C0AA2C00000000 /* GTranslate.swift */; };
		E7A30F04D65BA68200000000 /* libSwiftSignalKit.dylib in Fake Swift Dependencies (Copy Files Phase) */ = {isa = PBXBuildFile; fileRef = 1DD70E29D65BA68200000000 /* libSwiftSignalKit.dylib */; };
		E7A30F04EA69938700000000 /* Strings.swift in Sources */ = {isa = PBXBuildFile; fileRef = 1DD70E29EA69938700000000 /* Strings.swift */; };
/* End PBXBuildFile section */

/* Begin PBXCopyFilesBuildPhase section */
		FAF5FAC90000000000000000 /* Fake Swift Dependencies (Copy Files Phase) */ = {
			isa = PBXCopyFilesBuildPhase;
			buildActionMask = 0;
			dstPath = "";
			dstSubfolderSpec = 16;
			files = (
				E7A30F04D65BA68200000000 /* libSwiftSignalKit.dylib in Fake Swift Dependencies (Copy Files Phase) */,
			);
			name = "Fake Swift Dependencies (Copy Files Phase)";
			runOnlyForDeploymentPostprocessing = 1;
		};
/* End PBXCopyFilesBuildPhase section */

/* Begin PBXFileReference section */
		1DD70E29001F47FB00000000 /* BUCK */ = {isa = PBXFileReference; explicitFileType = text.script.python; path = BUCK; sourceTree = SOURCE_ROOT; };
		1DD70E29052FBA0400000000 /* NicegramLib-Debug.xcconfig */ = {isa = PBXFileReference; explicitFileType = text.xcconfig; name = "NicegramLib-Debug.xcconfig"; path = "../../buck-out/gen/Nicegram/NicegramLib/NicegramLib-Debug.xcconfig"; sourceTree = SOURCE_ROOT; };
		1DD70E291A957FFF00000000 /* SecureSettings.swift */ = {isa = PBXFileReference; lastKnownFileType = sourcecode.swift; name = SecureSettings.swift; path = NicegramLib/SecureSettings/SecureSettings.swift; sourceTree = SOURCE_ROOT; };
		1DD70E2936591A2B00000000 /* IAPHelper.swift */ = {isa = PBXFileReference; lastKnownFileType = sourcecode.swift; name = IAPHelper.swift; path = NicegramLib/IAP/IAPHelper.swift; sourceTree = SOURCE_ROOT; };
		1DD70E294FA0E2C400000000 /* DAKeychain.swift */ = {isa = PBXFileReference; lastKnownFileType = sourcecode.swift; name = DAKeychain.swift; path = NicegramLib/SecureSettings/DAKeychain.swift; sourceTree = SOURCE_ROOT; };
		1DD70E295D4BE06E00000000 /* NicegramLib-Profile.xcconfig */ = {isa = PBXFileReference; explicitFileType = text.xcconfig; name = "NicegramLib-Profile.xcconfig"; path = "../../buck-out/gen/Nicegram/NicegramLib/NicegramLib-Profile.xcconfig"; sourceTree = SOURCE_ROOT; };
		1DD70E29718C2D2900000000 /* Products.swift */ = {isa = PBXFileReference; lastKnownFileType = sourcecode.swift; name = Products.swift; path = NicegramLib/IAP/Products.swift; sourceTree = SOURCE_ROOT; };
		1DD70E299F221D5300000000 /* NicegramSecureSettings.swift */ = {isa = PBXFileReference; lastKnownFileType = sourcecode.swift; name = NicegramSecureSettings.swift; path = NicegramLib/SecureSettings/NicegramSecureSettings.swift; sourceTree = SOURCE_ROOT; };
		1DD70E29AE6B3B6700000000 /* RegDate.swift */ = {isa = PBXFileReference; lastKnownFileType = sourcecode.swift; name = RegDate.swift; path = "NicegramLib/NG Lab/RegDate.swift"; sourceTree = SOURCE_ROOT; };
		1DD70E29B3C0AA2C00000000 /* GTranslate.swift */ = {isa = PBXFileReference; lastKnownFileType = sourcecode.swift; name = GTranslate.swift; path = NicegramLib/Translate/GTranslate.swift; sourceTree = SOURCE_ROOT; };
		1DD70E29D0E28BD000000000 /* NicegramLib-Release.xcconfig */ = {isa = PBXFileReference; explicitFileType = text.xcconfig; name = "NicegramLib-Release.xcconfig"; path = "../../buck-out/gen/Nicegram/NicegramLib/NicegramLib-Release.xcconfig"; sourceTree = SOURCE_ROOT; };
		1DD70E29D65BA68200000000 /* libSwiftSignalKit.dylib */ = {isa = PBXFileReference; explicitFileType = "compiled.mach-o.dylib"; path = libSwiftSignalKit.dylib; sourceTree = BUILT_PRODUCTS_DIR; };
		1DD70E29EA69938700000000 /* Strings.swift */ = {isa = PBXFileReference; lastKnownFileType = sourcecode.swift; name = Strings.swift; path = NicegramLib/Strings/Strings.swift; sourceTree = SOURCE_ROOT; };
		1DD70E29F80E6DDF00000000 /* libNicegramLib.a */ = {isa = PBXFileReference; explicitFileType = archive.ar; path = libNicegramLib.a; sourceTree = BUILT_PRODUCTS_DIR; };
		51B8BB40240033060053B321 /* GlobalNGSettings.swift */ = {isa = PBXFileReference; lastKnownFileType = sourcecode.swift; path = GlobalNGSettings.swift; sourceTree = "<group>"; };
/* End PBXFileReference section */

/* Begin PBXGroup section */
		B401C97900011A3800000000 /* IAP */ = {
			isa = PBXGroup;
			children = (
				1DD70E2936591A2B00000000 /* IAPHelper.swift */,
				1DD70E29718C2D2900000000 /* Products.swift */,
			);
			name = IAP;
			path = NicegramLib/IAP;
			sourceTree = SOURCE_ROOT;
		};
		B401C9792F7F325000000000 /* Buck (Do Not Modify) */ = {
			isa = PBXGroup;
			children = (
				1DD70E29052FBA0400000000 /* NicegramLib-Debug.xcconfig */,
				1DD70E295D4BE06E00000000 /* NicegramLib-Profile.xcconfig */,
				1DD70E29D0E28BD000000000 /* NicegramLib-Release.xcconfig */,
			);
			name = "Buck (Do Not Modify)";
			sourceTree = "<group>";
		};
		B401C97968022A5500000000 /* Frameworks */ = {
			isa = PBXGroup;
			children = (
				1DD70E29D65BA68200000000 /* libSwiftSignalKit.dylib */,
			);
			name = Frameworks;
			sourceTree = "<group>";
		};
		B401C97989123A8600000000 /* NG Lab */ = {
			isa = PBXGroup;
			children = (
				1DD70E29AE6B3B6700000000 /* RegDate.swift */,
				51B8BB40240033060053B321 /* GlobalNGSettings.swift */,
			);
			name = "NG Lab";
			path = "NicegramLib/NG Lab";
			sourceTree = SOURCE_ROOT;
		};
		B401C979B633112E00000000 /* Translate */ = {
			isa = PBXGroup;
			children = (
				1DD70E29B3C0AA2C00000000 /* GTranslate.swift */,
			);
			name = Translate;
			path = NicegramLib/Translate;
			sourceTree = SOURCE_ROOT;
		};
		B401C979B781F65D00000000 /* Configurations */ = {
			isa = PBXGroup;
			children = (
				B401C9792F7F325000000000 /* Buck (Do Not Modify) */,
			);
			name = Configurations;
			sourceTree = "<group>";
		};
		B401C979C806358400000000 /* Products */ = {
			isa = PBXGroup;
			children = (
				1DD70E29F80E6DDF00000000 /* libNicegramLib.a */,
			);
			name = Products;
			sourceTree = "<group>";
		};
		B401C979EAB5339800000000 /* Sources */ = {
			isa = PBXGroup;
			children = (
				B401C97900011A3800000000 /* IAP */,
				B401C97989123A8600000000 /* NG Lab */,
				B401C979FBE3E0DA00000000 /* SecureSettings */,
				B401C979F30F3A6200000000 /* Strings */,
				B401C979B633112E00000000 /* Translate */,
			);
			name = Sources;
			sourceTree = "<group>";
		};
		B401C979EFB6AC4600000000 /* mainGroup */ = {
			isa = PBXGroup;
			children = (
				B401C979B781F65D00000000 /* Configurations */,
				B401C97968022A5500000000 /* Frameworks */,
				B401C979F2CF6A9100000000 /* NicegramLib */,
				B401C979C806358400000000 /* Products */,
			);
			name = mainGroup;
			sourceTree = "<group>";
		};
		B401C979F2CF6A9100000000 /* NicegramLib */ = {
			isa = PBXGroup;
			children = (
				1DD70E29001F47FB00000000 /* BUCK */,
				B401C979EAB5339800000000 /* Sources */,
			);
			name = NicegramLib;
			sourceTree = "<group>";
		};
		B401C979F30F3A6200000000 /* Strings */ = {
			isa = PBXGroup;
			children = (
				1DD70E29EA69938700000000 /* Strings.swift */,
			);
			name = Strings;
			path = NicegramLib/Strings;
			sourceTree = SOURCE_ROOT;
		};
		B401C979FBE3E0DA00000000 /* SecureSettings */ = {
			isa = PBXGroup;
			children = (
				1DD70E294FA0E2C400000000 /* DAKeychain.swift */,
				1DD70E299F221D5300000000 /* NicegramSecureSettings.swift */,
				1DD70E291A957FFF00000000 /* SecureSettings.swift */,
			);
			name = SecureSettings;
			path = NicegramLib/SecureSettings;
			sourceTree = SOURCE_ROOT;
		};
/* End PBXGroup section */

/* Begin PBXNativeTarget section */
		E66DC04EF2CF6A9100000000 /* NicegramLib */ = {
			isa = PBXNativeTarget;
			buildConfigurationList = 218C37090000000000000000 /* Build configuration list for PBXNativeTarget "NicegramLib" */;
			buildPhases = (
				1870857F0000000000000000 /* Sources */,
				FAF5FAC90000000000000000 /* Fake Swift Dependencies (Copy Files Phase) */,
			);
			buildRules = (
			);
			dependencies = (
			);
			name = NicegramLib;
			productName = NicegramLib;
			productReference = 1DD70E29F80E6DDF00000000 /* libNicegramLib.a */;
			productType = "com.apple.product-type.library.static";
		};
/* End PBXNativeTarget section */

/* Begin PBXProject section */
		96C84793F2CF6A9100000000 /* Project object */ = {
			isa = PBXProject;
			attributes = {
				LastUpgradeCheck = 9999;
			};
			buildConfigurationList = 218C37090000000000000001 /* Build configuration list for PBXProject "NicegramLib" */;
			compatibilityVersion = "Xcode 3.2";
			developmentRegion = en;
			hasScannedForEncodings = 0;
			knownRegions = (
				en,
				Base,
			);
			mainGroup = B401C979EFB6AC4600000000 /* mainGroup */;
			projectDirPath = "";
			projectRoot = "";
			targets = (
				E66DC04EF2CF6A9100000000 /* NicegramLib */,
			);
		};
/* End PBXProject section */

/* Begin PBXSourcesBuildPhase section */
		1870857F0000000000000000 /* Sources */ = {
			isa = PBXSourcesBuildPhase;
			buildActionMask = 0;
			files = (
				E7A30F0436591A2B00000000 /* IAPHelper.swift in Sources */,
				E7A30F04718C2D2900000000 /* Products.swift in Sources */,
				E7A30F04AE6B3B6700000000 /* RegDate.swift in Sources */,
				E7A30F044FA0E2C400000000 /* DAKeychain.swift in Sources */,
				51B8BB41240033060053B321 /* GlobalNGSettings.swift in Sources */,
				E7A30F049F221D5300000000 /* NicegramSecureSettings.swift in Sources */,
				E7A30F041A957FFF00000000 /* SecureSettings.swift in Sources */,
				E7A30F04EA69938700000000 /* Strings.swift in Sources */,
				E7A30F04B3C0AA2C00000000 /* GTranslate.swift in Sources */,
			);
			runOnlyForDeploymentPostprocessing = 0;
		};
/* End PBXSourcesBuildPhase section */

/* Begin XCBuildConfiguration section */
		4952437303EDA63300000000 /* Debug */ = {
			isa = XCBuildConfiguration;
			baseConfigurationReference = 1DD70E29052FBA0400000000 /* NicegramLib-Debug.xcconfig */;
			buildSettings = {
			};
			name = Debug;
		};
		4952437303EDA63300000001 /* Debug */ = {
			isa = XCBuildConfiguration;
			buildSettings = {
			};
			name = Debug;
		};
		4952437350C7218900000000 /* Profile */ = {
			isa = XCBuildConfiguration;
			baseConfigurationReference = 1DD70E295D4BE06E00000000 /* NicegramLib-Profile.xcconfig */;
			buildSettings = {
			};
			name = Profile;
		};
		4952437350C7218900000001 /* Profile */ = {
			isa = XCBuildConfiguration;
			buildSettings = {
			};
			name = Profile;
		};
		49524373A439BFE700000000 /* Release */ = {
			isa = XCBuildConfiguration;
			baseConfigurationReference = 1DD70E29D0E28BD000000000 /* NicegramLib-Release.xcconfig */;
			buildSettings = {
			};
			name = Release;
		};
		49524373A439BFE700000001 /* Release */ = {
			isa = XCBuildConfiguration;
			buildSettings = {
			};
			name = Release;
		};
/* End XCBuildConfiguration section */

/* Begin XCConfigurationList section */
		218C37090000000000000000 /* Build configuration list for PBXNativeTarget "NicegramLib" */ = {
			isa = XCConfigurationList;
			buildConfigurations = (
				4952437303EDA63300000000 /* Debug */,
				4952437350C7218900000000 /* Profile */,
				49524373A439BFE700000000 /* Release */,
			);
			defaultConfigurationIsVisible = 0;
			defaultConfigurationName = Release;
		};
		218C37090000000000000001 /* Build configuration list for PBXProject "NicegramLib" */ = {
			isa = XCConfigurationList;
			buildConfigurations = (
				4952437303EDA63300000001 /* Debug */,
				4952437350C7218900000001 /* Profile */,
				49524373A439BFE700000001 /* Release */,
			);
			defaultConfigurationIsVisible = 0;
			defaultConfigurationName = Release;
		};
/* End XCConfigurationList section */
	};
	rootObject = 96C84793F2CF6A9100000000 /* Project object */;
}
